# @generated by Move, please check-in and do not edit manually.

[move]
version = 3
manifest_digest = "9275EA6FE1BDAABE34E2FA2DEA45EAAFF2B97A0D406DCEF76152C8B526661F07"
deps_digest = "F8BBB0CCB2491CA29A3DF03D6F92277A4F3574266507ACD77214D37ECA3F3082"
dependencies = [
  { id = "Sui", name = "Sui" },
]

[[move.package]]
id = "MoveStdlib"
source = { git = "https://github.com/MystenLabs/sui.git", rev = "mainnet", subdir = "crates/sui-framework/packages/move-stdlib" }

[[move.package]]
id = "Sui"
source = { git = "https://github.com/MystenLabs/sui.git", rev = "mainnet", subdir = "crates/sui-framework/packages/sui-framework" }

dependencies = [
  { id = "MoveStdlib", name = "MoveStdlib" },
]

[move.toolchain-version]
compiler-version = "1.61.2"
edition = "2024.beta"
flavor = "sui"

[env]

[env.devnet]
chain-id = "833db4e1"
original-published-id = "0x0e84bdd42c19f3cceb6f19b1495ff05536a0dbf06ecaea53fb18f55dd333ce66"
latest-published-id = "0x0e84bdd42c19f3cceb6f19b1495ff05536a0dbf06ecaea53fb18f55dd333ce66"
published-version = "1"
